
Microsoft Visual Studio Solution File, Format Version 12.00
# Visual Studio Version 17
VisualStudioVersion = 17.6.33829.357
MinimumVisualStudioVersion = 10.0.40219.1
Project("{FAE04EC0-301F-11D3-BF4B-00C04F79EFBC}") = "address-validation-us-3-dot-net", "address-validation-us-3-dot-net\address-validation-us-3-dot-net.csproj", "{D7ACBA06-22D3-4011-BF64-87CCD93AD344}"
EndProject
Project("{888888A0-9F3D-457C-B088-3A5042F75D52}") = "address-validation-us-3-python", "address-validation-us-3-python\address-validation-us-3-python.pyproj", "{1FF7E5EC-37B2-419C-A031-364169E42DD5}"
EndProject
Global
	GlobalSection(SolutionConfigurationPlatforms) = preSolution
		Debug|Any CPU = Debug|Any CPU
		Release|Any CPU = Release|Any CPU
	EndGlobalSection
	GlobalSection(ProjectConfigurationPlatforms) = postSolution
		{D7ACBA06-22D3-4011-BF64-87CCD93AD344}.Debug|Any CPU.ActiveCfg = Debug|Any CPU
		{D7ACBA06-22D3-4011-BF64-87CCD93AD344}.Debug|Any CPU.Build.0 = Debug|Any CPU
		{D7ACBA06-22D3-4011-BF64-87CCD93AD344}.Release|Any CPU.ActiveCfg = Release|Any CPU
		{D7ACBA06-22D3-4011-BF64-87CCD93AD344}.Release|Any CPU.Build.0 = Release|Any CPU
		{1FF7E5EC-37B2-419C-A031-364169E42DD5}.Debug|Any CPU.ActiveCfg = Debug|Any CPU
		{1FF7E5EC-37B2-419C-A031-364169E42DD5}.Release|Any CPU.ActiveCfg = Release|Any CPU
	EndGlobalSection
	GlobalSection(SolutionProperties) = preSolution
		HideSolutionNode = FALSE
	EndGlobalSection
	GlobalSection(ExtensibilityGlobals) = postSolution
		SolutionGuid = {DB466932-7C92-4E44-A0C4-C0286431AC0E}
	EndGlobalSection
EndGlobal
